
Microsoft Visual Studio Solution File, Format Version 12.00
# Visual Studio Version 17
VisualStudioVersion = 17.5.33627.172
MinimumVisualStudioVersion = 10.0.40219.1
Project("{FAE04EC0-301F-11D3-BF4B-00C04F79EFBC}") = "MvcMovie", "MvcMovie\MvcMovie.csproj", "{26C1A42F-1AC5-4AF7-B751-3A7F5CA475E5}"
EndProject
Global
	GlobalSection(SolutionConfigurationPlatforms) = preSolution
		Debug|Any CPU = Debug|Any CPU
		Release|Any CPU = Release|Any CPU
	EndGlobalSection
	GlobalSection(ProjectConfigurationPlatforms) = postSolution
		{26C1A42F-1AC5-4AF7-B751-3A7F5CA475E5}.Debug|Any CPU.ActiveCfg = Debug|Any CPU
		{26C1A42F-1AC5-4AF7-B751-3A7F5CA475E5}.Debug|Any CPU.Build.0 = Debug|Any CPU
		{26C1A42F-1AC5-4AF7-B751-3A7F5CA475E5}.Release|Any CPU.ActiveCfg = Release|Any CPU
		{26C1A42F-1AC5-4AF7-B751-3A7F5CA475E5}.Release|Any CPU.Build.0 = Release|Any CPU
	EndGlobalSection
	GlobalSection(SolutionProperties) = preSolution
		HideSolutionNode = FALSE
	EndGlobalSection
	GlobalSection(ExtensibilityGlobals) = postSolution
		SolutionGuid = {48B8095A-8F20-4720-8690-071784494811}
	EndGlobalSection
EndGlobal
